// !$*UTF8*$!
{
	archiveVersion = 1;
	classes = {
	};
	objectVersion = 51;
	objects = {

/* Begin PBXBuildFile section */
		A1261ABC24739C7700234E72 /* wallpaper_1.png in Resources */ = {isa = PBXBuildFile; fileRef = A1261ABA2472F29000234E72 /* wallpaper_1.png */; };
		A1B5DDF224670E2F009316A3 /* AppDelegate.swift in Sources */ = {isa = PBXBuildFile; fileRef = A1B5DDF124670E2F009316A3 /* AppDelegate.swift */; };
		A1B5DDF424670E2F009316A3 /* SceneDelegate.swift in Sources */ = {isa = PBXBuildFile; fileRef = A1B5DDF324670E2F009316A3 /* SceneDelegate.swift */; };
		A1B5DDF924670E2F009316A3 /* Main.storyboard in Resources */ = {isa = PBXBuildFile; fileRef = A1B5DDF724670E2F009316A3 /* Main.storyboard */; };
		A1B5DDFB24670E32009316A3 /* Assets.xcassets in Resources */ = {isa = PBXBuildFile; fileRef = A1B5DDFA24670E32009316A3 /* Assets.xcassets */; };
		A1B5DDFE24670E32009316A3 /* LaunchScreen.storyboard in Resources */ = {isa = PBXBuildFile; fileRef = A1B5DDFC24670E32009316A3 /* LaunchScreen.storyboard */; };
		A1B5DE072467EB69009316A3 /* HomeViewController.swift in Sources */ = {isa = PBXBuildFile; fileRef = A1B5DE062467EB69009316A3 /* HomeViewController.swift */; };
		A1B5DE1B2469B6E0009316A3 /* WallPaperListVC.swift in Sources */ = {isa = PBXBuildFile; fileRef = A1B5DE1A2469B6E0009316A3 /* WallPaperListVC.swift */; };
		A1B5DE1D2469B705009316A3 /* BangListVC.swift in Sources */ = {isa = PBXBuildFile; fileRef = A1B5DE1C2469B705009316A3 /* BangListVC.swift */; };
		A1B5DE29246AF673009316A3 /* bang.json in Resources */ = {isa = PBXBuildFile; fileRef = A1B5DE27246AF672009316A3 /* bang.json */; };
		A1B5DE2A246AF673009316A3 /* wallpaper.json in Resources */ = {isa = PBXBuildFile; fileRef = A1B5DE28246AF673009316A3 /* wallpaper.json */; };
		A1B5DE2C246AF6BE009316A3 /* BangModel.swift in Sources */ = {isa = PBXBuildFile; fileRef = A1B5DE2B246AF6BE009316A3 /* BangModel.swift */; };
		A1B5DE2E246AF6CF009316A3 /* WallpaperModel.swift in Sources */ = {isa = PBXBuildFile; fileRef = A1B5DE2D246AF6CF009316A3 /* WallpaperModel.swift */; };
		A1B5DE30246AF958009316A3 /* BangDataSource.swift in Sources */ = {isa = PBXBuildFile; fileRef = A1B5DE2F246AF958009316A3 /* BangDataSource.swift */; };
		A1B5DE32246AF964009316A3 /* WallpaperDataSource.swift in Sources */ = {isa = PBXBuildFile; fileRef = A1B5DE31246AF964009316A3 /* WallpaperDataSource.swift */; };
		A1B5DE35246B03EF009316A3 /* BangCollectionViewCell.swift in Sources */ = {isa = PBXBuildFile; fileRef = A1B5DE34246B03EF009316A3 /* BangCollectionViewCell.swift */; };
		A1B5DE37246B03FE009316A3 /* WallpaperCollectionViewCell.swift in Sources */ = {isa = PBXBuildFile; fileRef = A1B5DE36246B03FE009316A3 /* WallpaperCollectionViewCell.swift */; };
		B57683B8AA633E00FBD5A9F8 /* libPods-NotchNice.a in Frameworks */ = {isa = PBXBuildFile; fileRef = B48841DAC4064693CC318A5E /* libPods-NotchNice.a */; };
/* End PBXBuildFile section */

/* Begin PBXFileReference section */
		5418038D0589A4AF65D7786D /* Pods-NotchNice.debug.xcconfig */ = {isa = PBXFileReference; includeInIndex = 1; lastKnownFileType = text.xcconfig; name = "Pods-NotchNice.debug.xcconfig"; path = "Target Support Files/Pods-NotchNice/Pods-NotchNice.debug.xcconfig"; sourceTree = "<group>"; };
		88649201BA8883DB2C372C5A /* Pods-NotchNice.release.xcconfig */ = {isa = PBXFileReference; includeInIndex = 1; lastKnownFileType = text.xcconfig; name = "Pods-NotchNice.release.xcconfig"; path = "Target Support Files/Pods-NotchNice/Pods-NotchNice.release.xcconfig"; sourceTree = "<group>"; };
		A1261ABA2472F29000234E72 /* wallpaper_1.png */ = {isa = PBXFileReference; lastKnownFileType = image.png; path = wallpaper_1.png; sourceTree = "<group>"; };
		A1B5DDEE24670E2F009316A3 /* NotchNice.app */ = {isa = PBXFileReference; explicitFileType = wrapper.application; includeInIndex = 0; path = NotchNice.app; sourceTree = BUILT_PRODUCTS_DIR; };
		A1B5DDF124670E2F009316A3 /* AppDelegate.swift */ = {isa = PBXFileReference; lastKnownFileType = sourcecode.swift; path = AppDelegate.swift; sourceTree = "<group>"; };
		A1B5DDF324670E2F009316A3 /* SceneDelegate.swift */ = {isa = PBXFileReference; lastKnownFileType = sourcecode.swift; path = SceneDelegate.swift; sourceTree = "<group>"; };
		A1B5DDF824670E2F009316A3 /* Base */ = {isa = PBXFileReference; lastKnownFileType = file.storyboard; name = Base; path = Base.lproj/Main.storyboard; sourceTree = "<group>"; };
		A1B5DDFA24670E32009316A3 /* Assets.xcassets */ = {isa = PBXFileReference; lastKnownFileType = folder.assetcatalog; path = Assets.xcassets; sourceTree = "<group>"; };
		A1B5DDFD24670E32009316A3 /* Base */ = {isa = PBXFileReference; lastKnownFileType = file.storyboard; name = Base; path = Base.lproj/LaunchScreen.storyboard; sourceTree = "<group>"; };
		A1B5DDFF24670E32009316A3 /* Info.plist */ = {isa = PBXFileReference; lastKnownFileType = text.plist.xml; path = Info.plist; sourceTree = "<group>"; };
		A1B5DE062467EB69009316A3 /* HomeViewController.swift */ = {isa = PBXFileReference; lastKnownFileType = sourcecode.swift; path = HomeViewController.swift; sourceTree = "<group>"; };
		A1B5DE0E2468341A009316A3 /* zh-Hans */ = {isa = PBXFileReference; lastKnownFileType = text.plist.strings; name = "zh-Hans"; path = "zh-Hans.lproj/Main.strings"; sourceTree = "<group>"; };
		A1B5DE0F2468341A009316A3 /* zh-Hans */ = {isa = PBXFileReference; lastKnownFileType = text.plist.strings; name = "zh-Hans"; path = "zh-Hans.lproj/LaunchScreen.strings"; sourceTree = "<group>"; };
		A1B5DE1024683428009316A3 /* zh-HK */ = {isa = PBXFileReference; lastKnownFileType = text.plist.strings; name = "zh-HK"; path = "zh-HK.lproj/Main.strings"; sourceTree = "<group>"; };
		A1B5DE1124683428009316A3 /* zh-HK */ = {isa = PBXFileReference; lastKnownFileType = text.plist.strings; name = "zh-HK"; path = "zh-HK.lproj/LaunchScreen.strings"; sourceTree = "<group>"; };
		A1B5DE1A2469B6E0009316A3 /* WallPaperListVC.swift */ = {isa = PBXFileReference; lastKnownFileType = sourcecode.swift; path = WallPaperListVC.swift; sourceTree = "<group>"; };
		A1B5DE1C2469B705009316A3 /* BangListVC.swift */ = {isa = PBXFileReference; lastKnownFileType = sourcecode.swift; path = BangListVC.swift; sourceTree = "<group>"; };
		A1B5DE27246AF672009316A3 /* bang.json */ = {isa = PBXFileReference; fileEncoding = 4; lastKnownFileType = text.json; path = bang.json; sourceTree = "<group>"; };
		A1B5DE28246AF673009316A3 /* wallpaper.json */ = {isa = PBXFileReference; fileEncoding = 4; lastKnownFileType = text.json; path = wallpaper.json; sourceTree = "<group>"; };
		A1B5DE2B246AF6BE009316A3 /* BangModel.swift */ = {isa = PBXFileReference; lastKnownFileType = sourcecode.swift; path = BangModel.swift; sourceTree = "<group>"; };
		A1B5DE2D246AF6CF009316A3 /* WallpaperModel.swift */ = {isa = PBXFileReference; lastKnownFileType = sourcecode.swift; path = WallpaperModel.swift; sourceTree = "<group>"; };
		A1B5DE2F246AF958009316A3 /* BangDataSource.swift */ = {isa = PBXFileReference; lastKnownFileType = sourcecode.swift; path = BangDataSource.swift; sourceTree = "<group>"; };
		A1B5DE31246AF964009316A3 /* WallpaperDataSource.swift */ = {isa = PBXFileReference; lastKnownFileType = sourcecode.swift; path = WallpaperDataSource.swift; sourceTree = "<group>"; };
		A1B5DE34246B03EF009316A3 /* BangCollectionViewCell.swift */ = {isa = PBXFileReference; lastKnownFileType = sourcecode.swift; path = BangCollectionViewCell.swift; sourceTree = "<group>"; };
		A1B5DE36246B03FE009316A3 /* WallpaperCollectionViewCell.swift */ = {isa = PBXFileReference; lastKnownFileType = sourcecode.swift; path = WallpaperCollectionViewCell.swift; sourceTree = "<group>"; };
		B48841DAC4064693CC318A5E /* libPods-NotchNice.a */ = {isa = PBXFileReference; explicitFileType = archive.ar; includeInIndex = 0; path = "libPods-NotchNice.a"; sourceTree = BUILT_PRODUCTS_DIR; };
/* End PBXFileReference section */

/* Begin PBXFrameworksBuildPhase section */
		A1B5DDEB24670E2F009316A3 /* Frameworks */ = {
			isa = PBXFrameworksBuildPhase;
			buildActionMask = 2147483647;
			files = (
				B57683B8AA633E00FBD5A9F8 /* libPods-NotchNice.a in Frameworks */,
			);
			runOnlyForDeploymentPostprocessing = 0;
		};
/* End PBXFrameworksBuildPhase section */

/* Begin PBXGroup section */
		57942EAD01A4B5EB4EF7705D /* Frameworks */ = {
			isa = PBXGroup;
			children = (
				B48841DAC4064693CC318A5E /* libPods-NotchNice.a */,
			);
			name = Frameworks;
			sourceTree = "<group>";
		};
		A1261AB82472F27700234E72 /* Resources */ = {
			isa = PBXGroup;
			children = (
				A1261AB92472F28300234E72 /* Wallpapers */,
			);
			path = Resources;
			sourceTree = "<group>";
		};
		A1261AB92472F28300234E72 /* Wallpapers */ = {
			isa = PBXGroup;
			children = (
				A1261ABA2472F29000234E72 /* wallpaper_1.png */,
			);
			path = Wallpapers;
			sourceTree = "<group>";
		};
		A1B5DDE524670E2F009316A3 = {
			isa = PBXGroup;
			children = (
				A1B5DDF024670E2F009316A3 /* NotchNice */,
				A1B5DDEF24670E2F009316A3 /* Products */,
				D55FED094E99DD9823B1B91D /* Pods */,
				57942EAD01A4B5EB4EF7705D /* Frameworks */,
			);
			sourceTree = "<group>";
		};
		A1B5DDEF24670E2F009316A3 /* Products */ = {
			isa = PBXGroup;
			children = (
				A1B5DDEE24670E2F009316A3 /* NotchNice.app */,
			);
			name = Products;
			sourceTree = "<group>";
		};
		A1B5DDF024670E2F009316A3 /* NotchNice */ = {
			isa = PBXGroup;
			children = (
				A1B5DDF124670E2F009316A3 /* AppDelegate.swift */,
				A1B5DDF324670E2F009316A3 /* SceneDelegate.swift */,
				A1261AB82472F27700234E72 /* Resources */,
				A1B5DE092467F681009316A3 /* Basic */,
				A1B5DE052467EB3F009316A3 /* Home */,
				A1B5DDF724670E2F009316A3 /* Main.storyboard */,
				A1B5DDFA24670E32009316A3 /* Assets.xcassets */,
				A1B5DDFC24670E32009316A3 /* LaunchScreen.storyboard */,
				A1B5DDFF24670E32009316A3 /* Info.plist */,
			);
			path = NotchNice;
			sourceTree = "<group>";
		};
		A1B5DE052467EB3F009316A3 /* Home */ = {
			isa = PBXGroup;
			children = (
				A1B5DE33246B03DA009316A3 /* Cell */,
				A1B5DE1E246A6249009316A3 /* Data */,
				A1B5DE082467EBAF009316A3 /* View */,
				A1B5DE062467EB69009316A3 /* HomeViewController.swift */,
				A1B5DE1A2469B6E0009316A3 /* WallPaperListVC.swift */,
				A1B5DE1C2469B705009316A3 /* BangListVC.swift */,
			);
			path = Home;
			sourceTree = "<group>";
		};
		A1B5DE082467EBAF009316A3 /* View */ = {
			isa = PBXGroup;
			children = (
			);
			path = View;
			sourceTree = "<group>";
		};
		A1B5DE092467F681009316A3 /* Basic */ = {
			isa = PBXGroup;
			children = (
				A1B5DE0A2467F68A009316A3 /* Util */,
			);
			path = Basic;
			sourceTree = "<group>";
		};
		A1B5DE0A2467F68A009316A3 /* Util */ = {
			isa = PBXGroup;
			children = (
				A1B5DE0B2467F690009316A3 /* Category */,
			);
			path = Util;
			sourceTree = "<group>";
		};
		A1B5DE0B2467F690009316A3 /* Category */ = {
			isa = PBXGroup;
			children = (
			);
			path = Category;
			sourceTree = "<group>";
		};
		A1B5DE1E246A6249009316A3 /* Data */ = {
			isa = PBXGroup;
			children = (
				A1B5DE27246AF672009316A3 /* bang.json */,
				A1B5DE28246AF673009316A3 /* wallpaper.json */,
				A1B5DE2B246AF6BE009316A3 /* BangModel.swift */,
				A1B5DE2D246AF6CF009316A3 /* WallpaperModel.swift */,
				A1B5DE2F246AF958009316A3 /* BangDataSource.swift */,
				A1B5DE31246AF964009316A3 /* WallpaperDataSource.swift */,
			);
			path = Data;
			sourceTree = "<group>";
		};
		A1B5DE33246B03DA009316A3 /* Cell */ = {
			isa = PBXGroup;
			children = (
				A1B5DE34246B03EF009316A3 /* BangCollectionViewCell.swift */,
				A1B5DE36246B03FE009316A3 /* WallpaperCollectionViewCell.swift */,
			);
			path = Cell;
			sourceTree = "<group>";
		};
		D55FED094E99DD9823B1B91D /* Pods */ = {
			isa = PBXGroup;
			children = (
				5418038D0589A4AF65D7786D /* Pods-NotchNice.debug.xcconfig */,
				88649201BA8883DB2C372C5A /* Pods-NotchNice.release.xcconfig */,
			);
			path = Pods;
			sourceTree = "<group>";
		};
/* End PBXGroup section */

/* Begin PBXNativeTarget section */
		A1B5DDED24670E2F009316A3 /* NotchNice */ = {
			isa = PBXNativeTarget;
			buildConfigurationList = A1B5DE0224670E32009316A3 /* Build configuration list for PBXNativeTarget "NotchNice" */;
			buildPhases = (
				A00CB24BA843B8C01A133312 /* [CP] Check Pods Manifest.lock */,
				A1B5DDEA24670E2F009316A3 /* Sources */,
				A1B5DDEB24670E2F009316A3 /* Frameworks */,
				A1B5DDEC24670E2F009316A3 /* Resources */,
				67EE71B077A17002F2FA4A94 /* [CP] Copy Pods Resources */,
				C82B6BFC2BE7588EB896D3F5 /* [CP] Embed Pods Frameworks */,
			);
			buildRules = (
			);
			dependencies = (
			);
			name = NotchNice;
			productName = NotchNice;
			productReference = A1B5DDEE24670E2F009316A3 /* NotchNice.app */;
			productType = "com.apple.product-type.application";
		};
/* End PBXNativeTarget section */

/* Begin PBXProject section */
		A1B5DDE624670E2F009316A3 /* Project object */ = {
			isa = PBXProject;
			attributes = {
				LastSwiftUpdateCheck = 1130;
				LastUpgradeCheck = 1130;
				ORGANIZATIONNAME = com.xuzhanfen;
				TargetAttributes = {
					A1B5DDED24670E2F009316A3 = {
						CreatedOnToolsVersion = 11.3.1;
					};
				};
			};
			buildConfigurationList = A1B5DDE924670E2F009316A3 /* Build configuration list for PBXProject "NotchNice" */;
			compatibilityVersion = "Xcode 9.3";
			developmentRegion = en;
			hasScannedForEncodings = 0;
			knownRegions = (
				en,
				Base,
				"zh-Hans",
				"zh-HK",
			);
			mainGroup = A1B5DDE524670E2F009316A3;
			productRefGroup = A1B5DDEF24670E2F009316A3 /* Products */;
			projectDirPath = "";
			projectRoot = "";
			targets = (
				A1B5DDED24670E2F009316A3 /* NotchNice */,
			);
		};
/* End PBXProject section */

/* Begin PBXResourcesBuildPhase section */
		A1B5DDEC24670E2F009316A3 /* Resources */ = {
			isa = PBXResourcesBuildPhase;
			buildActionMask = 2147483647;
			files = (
				A1261ABC24739C7700234E72 /* wallpaper_1.png in Resources */,
				A1B5DE2A246AF673009316A3 /* wallpaper.json in Resources */,
				A1B5DDFE24670E32009316A3 /* LaunchScreen.storyboard in Resources */,
				A1B5DDFB24670E32009316A3 /* Assets.xcassets in Resources */,
				A1B5DDF924670E2F009316A3 /* Main.storyboard in Resources */,
				A1B5DE29246AF673009316A3 /* bang.json in Resources */,
			);
			runOnlyForDeploymentPostprocessing = 0;
		};
/* End PBXResourcesBuildPhase section */

/* Begin PBXShellScriptBuildPhase section */
		67EE71B077A17002F2FA4A94 /* [CP] Copy Pods Resources */ = {
			isa = PBXShellScriptBuildPhase;
			buildActionMask = 2147483647;
			files = (
			);
			inputFileListPaths = (
				"${PODS_ROOT}/Target Support Files/Pods-NotchNice/Pods-NotchNice-resources-${CONFIGURATION}-input-files.xcfilelist",
			);
			name = "[CP] Copy Pods Resources";
			outputFileListPaths = (
				"${PODS_ROOT}/Target Support Files/Pods-NotchNice/Pods-NotchNice-resources-${CONFIGURATION}-output-files.xcfilelist",
			);
			runOnlyForDeploymentPostprocessing = 0;
			shellPath = /bin/sh;
			shellScript = "\"${PODS_ROOT}/Target Support Files/Pods-NotchNice/Pods-NotchNice-resources.sh\"\n";
			showEnvVarsInLog = 0;
		};
		A00CB24BA843B8C01A133312 /* [CP] Check Pods Manifest.lock */ = {
			isa = PBXShellScriptBuildPhase;
			buildActionMask = 2147483647;
			files = (
			);
			inputFileListPaths = (
			);
			inputPaths = (
				"${PODS_PODFILE_DIR_PATH}/Podfile.lock",
				"${PODS_ROOT}/Manifest.lock",
			);
			name = "[CP] Check Pods Manifest.lock";
			outputFileListPaths = (
			);
			outputPaths = (
				"$(DERIVED_FILE_DIR)/Pods-NotchNice-checkManifestLockResult.txt",
			);
			runOnlyForDeploymentPostprocessing = 0;
			shellPath = /bin/sh;
			shellScript = "diff \"${PODS_PODFILE_DIR_PATH}/Podfile.lock\" \"${PODS_ROOT}/Manifest.lock\" > /dev/null\nif [ $? != 0 ] ; then\n    # print error to STDERR\n    echo \"error: The sandbox is not in sync with the Podfile.lock. Run 'pod install' or update your CocoaPods installation.\" >&2\n    exit 1\nfi\n# This output is used by Xcode 'outputs' to avoid re-running this script phase.\necho \"SUCCESS\" > \"${SCRIPT_OUTPUT_FILE_0}\"\n";
			showEnvVarsInLog = 0;
		};
		C82B6BFC2BE7588EB896D3F5 /* [CP] Embed Pods Frameworks */ = {
			isa = PBXShellScriptBuildPhase;
			buildActionMask = 2147483647;
			files = (
			);
			inputFileListPaths = (
				"${PODS_ROOT}/Target Support Files/Pods-NotchNice/Pods-NotchNice-frameworks-${CONFIGURATION}-input-files.xcfilelist",
			);
			name = "[CP] Embed Pods Frameworks";
			outputFileListPaths = (
				"${PODS_ROOT}/Target Support Files/Pods-NotchNice/Pods-NotchNice-frameworks-${CONFIGURATION}-output-files.xcfilelist",
			);
			runOnlyForDeploymentPostprocessing = 0;
			shellPath = /bin/sh;
			shellScript = "\"${PODS_ROOT}/Target Support Files/Pods-NotchNice/Pods-NotchNice-frameworks.sh\"\n";
			showEnvVarsInLog = 0;
		};
/* End PBXShellScriptBuildPhase section */

/* Begin PBXSourcesBuildPhase section */
		A1B5DDEA24670E2F009316A3 /* Sources */ = {
			isa = PBXSourcesBuildPhase;
			buildActionMask = 2147483647;
			files = (
				A1B5DE35246B03EF009316A3 /* BangCollectionViewCell.swift in Sources */,
				A1B5DDF224670E2F009316A3 /* AppDelegate.swift in Sources */,
				A1B5DE2C246AF6BE009316A3 /* BangModel.swift in Sources */,
				A1B5DE30246AF958009316A3 /* BangDataSource.swift in Sources */,
				A1B5DE37246B03FE009316A3 /* WallpaperCollectionViewCell.swift in Sources */,
				A1B5DE2E246AF6CF009316A3 /* WallpaperModel.swift in Sources */,
				A1B5DE1B2469B6E0009316A3 /* WallPaperListVC.swift in Sources */,
				A1B5DE1D2469B705009316A3 /* BangListVC.swift in Sources */,
				A1B5DE32246AF964009316A3 /* WallpaperDataSource.swift in Sources */,
				A1B5DDF424670E2F009316A3 /* SceneDelegate.swift in Sources */,
				A1B5DE072467EB69009316A3 /* HomeViewController.swift in Sources */,
			);
			runOnlyForDeploymentPostprocessing = 0;
		};
/* End PBXSourcesBuildPhase section */

/* Begin PBXVariantGroup section */
		A1B5DDF724670E2F009316A3 /* Main.storyboard */ = {
			isa = PBXVariantGroup;
			children = (
				A1B5DDF824670E2F009316A3 /* Base */,
				A1B5DE0E2468341A009316A3 /* zh-Hans */,
				A1B5DE1024683428009316A3 /* zh-HK */,
			);
			name = Main.storyboard;
			sourceTree = "<group>";
		};
		A1B5DDFC24670E32009316A3 /* LaunchScreen.storyboard */ = {
			isa = PBXVariantGroup;
			children = (
				A1B5DDFD24670E32009316A3 /* Base */,
				A1B5DE0F2468341A009316A3 /* zh-Hans */,
				A1B5DE1124683428009316A3 /* zh-HK */,
			);
			name = LaunchScreen.storyboard;
			sourceTree = "<group>";
		};
/* End PBXVariantGroup section */

/* Begin XCBuildConfiguration section */
		A1B5DE0024670E32009316A3 /* Debug */ = {
			isa = XCBuildConfiguration;
			buildSettings = {
				ALWAYS_SEARCH_USER_PATHS = NO;
				CLANG_ANALYZER_LOCALIZABILITY_NONLOCALIZED = YES;
				CLANG_ANALYZER_NONNULL = YES;
				CLANG_ANALYZER_NUMBER_OBJECT_CONVERSION = YES_AGGRESSIVE;
				CLANG_CXX_LANGUAGE_STANDARD = "gnu++14";
				CLANG_CXX_LIBRARY = "libc++";
				CLANG_ENABLE_MODULES = YES;
				CLANG_ENABLE_OBJC_ARC = YES;
				CLANG_ENABLE_OBJC_WEAK = YES;
				CLANG_WARN_BLOCK_CAPTURE_AUTORELEASING = YES;
				CLANG_WARN_BOOL_CONVERSION = YES;
				CLANG_WARN_COMMA = YES;
				CLANG_WARN_CONSTANT_CONVERSION = YES;
				CLANG_WARN_DEPRECATED_OBJC_IMPLEMENTATIONS = YES;
				CLANG_WARN_DIRECT_OBJC_ISA_USAGE = YES_ERROR;
				CLANG_WARN_DOCUMENTATION_COMMENTS = YES;
				CLANG_WARN_EMPTY_BODY = YES;
				CLANG_WARN_ENUM_CONVERSION = YES;
				CLANG_WARN_INFINITE_RECURSION = YES;
				CLANG_WARN_INT_CONVERSION = YES;
				CLANG_WARN_NON_LITERAL_NULL_CONVERSION = YES;
				CLANG_WARN_OBJC_IMPLICIT_RETAIN_SELF = YES;
				CLANG_WARN_OBJC_LITERAL_CONVERSION = YES;
				CLANG_WARN_OBJC_ROOT_CLASS = YES_ERROR;
				CLANG_WARN_RANGE_LOOP_ANALYSIS = YES;
				CLANG_WARN_STRICT_PROTOTYPES = YES;
				CLANG_WARN_SUSPICIOUS_MOVE = YES;
				CLANG_WARN_UNGUARDED_AVAILABILITY = YES_AGGRESSIVE;
				CLANG_WARN_UNREACHABLE_CODE = YES;
				CLANG_WARN__DUPLICATE_METHOD_MATCH = YES;
				COPY_PHASE_STRIP = NO;
				DEBUG_INFORMATION_FORMAT = dwarf;
				ENABLE_STRICT_OBJC_MSGSEND = YES;
				ENABLE_TESTABILITY = YES;
				GCC_C_LANGUAGE_STANDARD = gnu11;
				GCC_DYNAMIC_NO_PIC = NO;
				GCC_NO_COMMON_BLOCKS = YES;
				GCC_OPTIMIZATION_LEVEL = 0;
				GCC_PREPROCESSOR_DEFINITIONS = (
					"DEBUG=1",
					"$(inherited)",
				);
				GCC_WARN_64_TO_32_BIT_CONVERSION = YES;
				GCC_WARN_ABOUT_RETURN_TYPE = YES_ERROR;
				GCC_WARN_UNDECLARED_SELECTOR = YES;
				GCC_WARN_UNINITIALIZED_AUTOS = YES_AGGRESSIVE;
				GCC_WARN_UNUSED_FUNCTION = YES;
				GCC_WARN_UNUSED_VARIABLE = YES;
				IPHONEOS_DEPLOYMENT_TARGET = 13.2;
				MTL_ENABLE_DEBUG_INFO = INCLUDE_SOURCE;
				MTL_FAST_MATH = YES;
				ONLY_ACTIVE_ARCH = YES;
				SDKROOT = iphoneos;
				SWIFT_ACTIVE_COMPILATION_CONDITIONS = DEBUG;
				SWIFT_OPTIMIZATION_LEVEL = "-Onone";
			};
			name = Debug;
		};
		A1B5DE0124670E32009316A3 /* Release */ = {
			isa = XCBuildConfiguration;
			buildSettings = {
				ALWAYS_SEARCH_USER_PATHS = NO;
				CLANG_ANALYZER_LOCALIZABILITY_NONLOCALIZED = YES;
				CLANG_ANALYZER_NONNULL = YES;
				CLANG_ANALYZER_NUMBER_OBJECT_CONVERSION = YES_AGGRESSIVE;
				CLANG_CXX_LANGUAGE_STANDARD = "gnu++14";
				CLANG_CXX_LIBRARY = "libc++";
				CLANG_ENABLE_MODULES = YES;
				CLANG_ENABLE_OBJC_ARC = YES;
				CLANG_ENABLE_OBJC_WEAK = YES;
				CLANG_WARN_BLOCK_CAPTURE_AUTORELEASING = YES;
				CLANG_WARN_BOOL_CONVERSION = YES;
				CLANG_WARN_COMMA = YES;
				CLANG_WARN_CONSTANT_CONVERSION = YES;
				CLANG_WARN_DEPRECATED_OBJC_IMPLEMENTATIONS = YES;
				CLANG_WARN_DIRECT_OBJC_ISA_USAGE = YES_ERROR;
				CLANG_WARN_DOCUMENTATION_COMMENTS = YES;
				CLANG_WARN_EMPTY_BODY = YES;
				CLANG_WARN_ENUM_CONVERSION = YES;
				CLANG_WARN_INFINITE_RECURSION = YES;
				CLANG_WARN_INT_CONVERSION = YES;
				CLANG_WARN_NON_LITERAL_NULL_CONVERSION = YES;
				CLANG_WARN_OBJC_IMPLICIT_RETAIN_SELF = YES;
				CLANG_WARN_OBJC_LITERAL_CONVERSION = YES;
				CLANG_WARN_OBJC_ROOT_CLASS = YES_ERROR;
				CLANG_WARN_RANGE_LOOP_ANALYSIS = YES;
				CLANG_WARN_STRICT_PROTOTYPES = YES;
				CLANG_WARN_SUSPICIOUS_MOVE = YES;
				CLANG_WARN_UNGUARDED_AVAILABILITY = YES_AGGRESSIVE;
				CLANG_WARN_UNREACHABLE_CODE = YES;
				CLANG_WARN__DUPLICATE_METHOD_MATCH = YES;
				COPY_PHASE_STRIP = NO;
				DEBUG_INFORMATION_FORMAT = "dwarf-with-dsym";
				ENABLE_NS_ASSERTIONS = NO;
				ENABLE_STRICT_OBJC_MSGSEND = YES;
				GCC_C_LANGUAGE_STANDARD = gnu11;
				GCC_NO_COMMON_BLOCKS = YES;
				GCC_WARN_64_TO_32_BIT_CONVERSION = YES;
				GCC_WARN_ABOUT_RETURN_TYPE = YES_ERROR;
				GCC_WARN_UNDECLARED_SELECTOR = YES;
				GCC_WARN_UNINITIALIZED_AUTOS = YES_AGGRESSIVE;
				GCC_WARN_UNUSED_FUNCTION = YES;
				GCC_WARN_UNUSED_VARIABLE = YES;
				IPHONEOS_DEPLOYMENT_TARGET = 13.2;
				MTL_ENABLE_DEBUG_INFO = NO;
				MTL_FAST_MATH = YES;
				SDKROOT = iphoneos;
				SWIFT_COMPILATION_MODE = wholemodule;
				SWIFT_OPTIMIZATION_LEVEL = "-O";
				VALIDATE_PRODUCT = YES;
			};
			name = Release;
		};
		A1B5DE0324670E32009316A3 /* Debug */ = {
			isa = XCBuildConfiguration;
			baseConfigurationReference = 5418038D0589A4AF65D7786D /* Pods-NotchNice.debug.xcconfig */;
			buildSettings = {
				ASSETCATALOG_COMPILER_APPICON_NAME = AppIcon;
				CODE_SIGN_STYLE = Automatic;
				DEVELOPMENT_TEAM = 3LB8Z456SU;
				INFOPLIST_FILE = NotchNice/Info.plist;
				LD_RUNPATH_SEARCH_PATHS = (
					"$(inherited)",
					"@executable_path/Frameworks",
				);
				PRODUCT_BUNDLE_IDENTIFIER = com.xuzhanfen.NotchNice;
				PRODUCT_NAME = "$(TARGET_NAME)";
				SWIFT_VERSION = 5.0;
				TARGETED_DEVICE_FAMILY = 1;
			};
			name = Debug;
		};
		A1B5DE0424670E32009316A3 /* Release */ = {
			isa = XCBuildConfiguration;
			baseConfigurationReference = 88649201BA8883DB2C372C5A /* Pods-NotchNice.release.xcconfig */;
			buildSettings = {
				ASSETCATALOG_COMPILER_APPICON_NAME = AppIcon;
				CODE_SIGN_STYLE = Automatic;
				DEVELOPMENT_TEAM = 3LB8Z456SU;
				INFOPLIST_FILE = NotchNice/Info.plist;
				LD_RUNPATH_SEARCH_PATHS = (
					"$(inherited)",
					"@executable_path/Frameworks",
				);
				PRODUCT_BUNDLE_IDENTIFIER = com.xuzhanfen.NotchNice;
				PRODUCT_NAME = "$(TARGET_NAME)";
				SWIFT_VERSION = 5.0;
				TARGETED_DEVICE_FAMILY = 1;
			};
			name = Release;
		};
/* End XCBuildConfiguration section */

/* Begin XCConfigurationList section */
		A1B5DDE924670E2F009316A3 /* Build configuration list for PBXProject "NotchNice" */ = {
			isa = XCConfigurationList;
			buildConfigurations = (
				A1B5DE0024670E32009316A3 /* Debug */,
				A1B5DE0124670E32009316A3 /* Release */,
			);
			defaultConfigurationIsVisible = 0;
			defaultConfigurationName = Release;
		};
		A1B5DE0224670E32009316A3 /* Build configuration list for PBXNativeTarget "NotchNice" */ = {
			isa = XCConfigurationList;
			buildConfigurations = (
				A1B5DE0324670E32009316A3 /* Debug */,
				A1B5DE0424670E32009316A3 /* Release */,
			);
			defaultConfigurationIsVisible = 0;
			defaultConfigurationName = Release;
		};
/* End XCConfigurationList section */
	};
	rootObject = A1B5DDE624670E2F009316A3 /* Project object */;
}
